
Microsoft Visual Studio Solution File, Format Version 12.00
# Visual Studio Version 16
VisualStudioVersion = 16.0.32106.194
MinimumVisualStudioVersion = 10.0.40219.1
Project("{FAE04EC0-301F-11D3-BF4B-00C04F79EFBC}") = "WinFormsDB", "WinFormsDB\WinFormsDB.csproj", "{C376C4BF-EBB1-4F62-B6D2-5A4721CBF4D3}"
EndProject
Global
	GlobalSection(SolutionConfigurationPlatforms) = preSolution
		Debug|Any CPU = Debug|Any CPU
		Release|Any CPU = Release|Any CPU
	EndGlobalSection
	GlobalSection(ProjectConfigurationPlatforms) = postSolution
		{C376C4BF-EBB1-4F62-B6D2-5A4721CBF4D3}.Debug|Any CPU.ActiveCfg = Debug|Any CPU
		{C376C4BF-EBB1-4F62-B6D2-5A4721CBF4D3}.Debug|Any CPU.Build.0 = Debug|Any CPU
		{C376C4BF-EBB1-4F62-B6D2-5A4721CBF4D3}.Release|Any CPU.ActiveCfg = Release|Any CPU
		{C376C4BF-EBB1-4F62-B6D2-5A4721CBF4D3}.Release|Any CPU.Build.0 = Release|Any CPU
	EndGlobalSection
	GlobalSection(SolutionProperties) = preSolution
		HideSolutionNode = FALSE
	EndGlobalSection
	GlobalSection(ExtensibilityGlobals) = postSolution
		SolutionGuid = {21FCBC0F-4505-4C05-97AB-5CD5FE3C0DD7}
	EndGlobalSection
EndGlobal
